
Microsoft Visual Studio Solution File, Format Version 12.00
# Visual Studio Version 17
VisualStudioVersion = 17.3.32825.248
MinimumVisualStudioVersion = 10.0.40219.1
Project("{FAE04EC0-301F-11D3-BF4B-00C04F79EFBC}") = "ArmyTech", "ArmyTech\ArmyTech.csproj", "{17DD004B-FB18-4AFF-94E1-613B9477FA17}"
EndProject
Global
	GlobalSection(SolutionConfigurationPlatforms) = preSolution
		Debug|Any CPU = Debug|Any CPU
		Release|Any CPU = Release|Any CPU
	EndGlobalSection
	GlobalSection(ProjectConfigurationPlatforms) = postSolution
		{17DD004B-FB18-4AFF-94E1-613B9477FA17}.Debug|Any CPU.ActiveCfg = Debug|Any CPU
		{17DD004B-FB18-4AFF-94E1-613B9477FA17}.Debug|Any CPU.Build.0 = Debug|Any CPU
		{17DD004B-FB18-4AFF-94E1-613B9477FA17}.Release|Any CPU.ActiveCfg = Release|Any CPU
		{17DD004B-FB18-4AFF-94E1-613B9477FA17}.Release|Any CPU.Build.0 = Release|Any CPU
	EndGlobalSection
	GlobalSection(SolutionProperties) = preSolution
		HideSolutionNode = FALSE
	EndGlobalSection
	GlobalSection(ExtensibilityGlobals) = postSolution
		SolutionGuid = {0876934B-3849-4C65-BE57-8CAEA5AE7167}
	EndGlobalSection
EndGlobal
